<?xml version="1.0" encoding="utf-8"?>
<Project ToolsVersion="4.0" xmlns="http://schemas.microsoft.com/developer/msbuild/2003">
  <ItemGroup>
    <Filter Include="core">
      <UniqueIdentifier>{10000000-0000-0000-0000-000000000001}</UniqueIdentifier>
    </Filter>
    <Filter Include="graphics">
      <UniqueIdentifier>{20000000-0000-0000-0000-000000000002}</UniqueIdentifier>
    </Filter>
    <Filter Include="scene">
      <UniqueIdentifier>{30000000-0000-0000-0000-000000000003}</UniqueIdentifier>
    </Filter>
    <Filter Include="shaders">
      <UniqueIdentifier>{50000000-0000-0000-0000-000000000005}</UniqueIdentifier>
    </Filter>
    <Filter Include="utils">
      <UniqueIdentifier>{40000000-0000-0000-0000-000000000004}</UniqueIdentifier>
    </Filter>
  </ItemGroup>
  <ItemGroup>
    <ClCompile Include="src\core\stdafx.cpp">
      <Filter>core</Filter>
    </ClCompile>
    <ClCompile Include="src\core\Application.cpp">
      <Filter>core</Filter>
    </ClCompile>
    <ClCompile Include="src\core\main.cpp">
      <Filter>core</Filter>
    </ClCompile>
    <ClCompile Include="src\scene\Frustum.cpp">
      <Filter>scene</Filter>
    </ClCompile>
    <ClCompile Include="src\scene\Object.cpp">
      <Filter>scene</Filter>
    </ClCompile>
    <ClCompile Include="src\scene\Octree.cpp">
      <Filter>scene</Filter>
    </ClCompile>
    <ClCompile Include="src\scene\Scene.cpp">
      <Filter>scene</Filter>
    </ClCompile>
    <ClCompile Include="src\utils\FileManager.cpp">
      <Filter>utils</Filter>
    </ClCompile>
    <ClCompile Include="src\graphics\PointCloudManager.cpp">
      <Filter>graphics</Filter>
    </ClCompile>
    <ClCompile Include="src\graphics\TransferManager.cpp">
      <Filter>graphics</Filter>
    </ClCompile>
    <ClCompile Include="src\graphics\Renderer.cpp">
      <Filter>graphics</Filter>
    </ClCompile>
    <ClCompile Include="src\scene\Transform.cpp">
      <Filter>scene</Filter>
    </ClCompile>
    <ClCompile Include="src\graphics\ShaderLayout.cpp">
      <Filter>graphics</Filter>
    </ClCompile>
    <ClCompile Include="src\graphics\Shader.cpp">
      <Filter>graphics</Filter>
    </ClCompile>
    <ClCompile Include="src\graphics\Texture.cpp">
      <Filter>graphics</Filter>
    </ClCompile>
  </ItemGroup>
  <ItemGroup>
    <ClInclude Include="src\core\Application.h">
      <Filter>core</Filter>
    </ClInclude>
    <ClInclude Include="src\core\stdafx.h">
      <Filter>core</Filter>
    </ClInclude>
    <ClInclude Include="src\scene\Frustum.h">
      <Filter>scene</Filter>
    </ClInclude>
    <ClInclude Include="src\scene\Object.h">
      <Filter>scene</Filter>
    </ClInclude>
    <ClInclude Include="src\scene\Octree.h">
      <Filter>scene</Filter>
    </ClInclude>
    <ClInclude Include="src\scene\Scene.h">
      <Filter>scene</Filter>
    </ClInclude>
    <ClInclude Include="src\utils\FileManager.h">
      <Filter>utils</Filter>
    </ClInclude>
    <ClInclude Include="src\graphics\PointCloudManager.h">
      <Filter>graphics</Filter>
    </ClInclude>
    <ClInclude Include="src\graphics\TransferManager.h">
      <Filter>graphics</Filter>
    </ClInclude>
    <ClInclude Include="src\graphics\Renderer.h">
      <Filter>graphics</Filter>
    </ClInclude>
    <ClInclude Include="src\scene\Transform.h">
      <Filter>scene</Filter>
    </ClInclude>
    <ClInclude Include="src\graphics\PointCloudVertex.h">
      <Filter>graphics</Filter>
    </ClInclude>
    <ClInclude Include="src\graphics\ShaderLayout.h">
      <Filter>graphics</Filter>
    </ClInclude>
    <ClInclude Include="src\graphics\Shader.h">
      <Filter>graphics</Filter>
    </ClInclude>
    <ClInclude Include="src\graphics\Texture.h">
      <Filter>graphics</Filter>
    </ClInclude>
  </ItemGroup>
  <ItemGroup>
    <CustomBuild Include="Shaders\point.frag">
      <Filter>shaders</Filter>
    </CustomBuild>
    <CustomBuild Include="Shaders\point.vert">
      <Filter>shaders</Filter>
    </CustomBuild>
    <CustomBuild Include="shaders\skybox.frag">
      <Filter>shaders</Filter>
    </CustomBuild>
    <CustomBuild Include="shaders\skybox.vert">
      <Filter>shaders</Filter>
    </CustomBuild>
  </ItemGroup>
  <ItemGroup>
    <None Include="shaders\global.glsl">
      <Filter>shaders</Filter>
    </None>
  </ItemGroup>
</Project>